# THIS IS AN AUTOGENERATED FILE. DO NOT EDIT THIS FILE DIRECTLY.
# yarn lockfile v1


"@babel/runtime@^7.20.6":
  version "7.21.5"
  resolved "https://registry.yarnpkg.com/@babel/runtime/-/runtime-7.21.5.tgz#8492dddda9644ae3bda3b45eabe87382caee7200"
  integrity sha512-8jI69toZqqcsnqGGqwGS4Qb1VwLOEp4hz+CXPywcvjs60u3B4Pom/U/7rm4W8tMOYEB+E9wgD0mW1l3r8qlI9Q==
  dependencies:
    regenerator-runtime "^0.13.11"

"@types/node@*":
  version "20.2.6"
  resolved "https://registry.yarnpkg.com/@types/node/-/node-20.2.6.tgz#f8f4cdcf9bc74fffcb44a9e1e3f3586d583dac24"
  integrity sha512-GQBWUtGoefMEOx/vu+emHEHU5aw6JdDoEtZhoBrHFPZbA/YNRFfN996XbBASEWdvmLSLyv9FKYppYGyZjCaq/g==

"@types/papaparse@^5.3.1":
  version "5.3.7"
  resolved "https://registry.yarnpkg.com/@types/papaparse/-/papaparse-5.3.7.tgz#8d3bf9e62ac2897df596f49d9ca59a15451aa247"
  integrity sha512-f2HKmlnPdCvS0WI33WtCs5GD7X1cxzzS/aduaxSu3I7TbhWlENjSPs6z5TaB9K0J+BH1jbmqTaM+ja5puis4wg==
  dependencies:
    "@types/node" "*"

asynckit@^0.4.0:
  version "0.4.0"
  resolved "https://registry.yarnpkg.com/asynckit/-/asynckit-0.4.0.tgz#c79ed97f7f34cb8f2ba1bc9790bcc366474b4b79"
  integrity sha512-Oei9OH4tRh0YqU3GxhX79dM/mwVgvbZJaSNaRk+bshkj0S5cfHcgYakreBjrHwatXKbz+IoIdYLxrKim2MjW0Q==

axios@^1.1.3:
  version "1.4.0"
  resolved "https://registry.yarnpkg.com/axios/-/axios-1.4.0.tgz#38a7bf1224cd308de271146038b551d725f0be1f"
  integrity sha512-S4XCWMEmzvo64T9GfvQDOXgYRDJ/wsSZc7Jvdgx5u1sd0JwsuPLqb3SYmusag+edF6ziyMensPVqLTSc1PiSEA==
  dependencies:
    follow-redirects "^1.15.0"
    form-data "^4.0.0"
    proxy-from-env "^1.1.0"

combined-stream@^1.0.8:
  version "1.0.8"
  resolved "https://registry.yarnpkg.com/combined-stream/-/combined-stream-1.0.8.tgz#c3d45a8b34fd730631a110a8a2520682b31d5a7f"
  integrity sha512-FQN4MRfuJeHf7cBbBMJFXhKSDq+2kAArBlmRBvcvFE5BB1HZKXtSFASDhdlz9zOYwxh8lDdnvmMOe/+5cdoEdg==
  dependencies:
    delayed-stream "~1.0.0"

delayed-stream@~1.0.0:
  version "1.0.0"
  resolved "https://registry.yarnpkg.com/delayed-stream/-/delayed-stream-1.0.0.tgz#df3ae199acadfb7d440aaae0b29e2272b24ec619"
  integrity sha512-ZySD7Nf91aLB0RxL4KGrKHBXl7Eds1DAmEdcoVawXnLD7SDhpNgtuII2aAkg7a7QS41jxPSZ17p4VdGnMHk3MQ==

follow-redirects@^1.15.0:
  version "1.15.2"
  resolved "https://registry.yarnpkg.com/follow-redirects/-/follow-redirects-1.15.2.tgz#b460864144ba63f2681096f274c4e57026da2c13"
  integrity sha512-VQLG33o04KaQ8uYi2tVNbdrWp1QWxNNea+nmIB4EVM28v0hmP17z7aG1+wAkNzVq4KeXTq3221ye5qTJP91JwA==

form-data@^4.0.0:
  version "4.0.0"
  resolved "https://registry.yarnpkg.com/form-data/-/form-data-4.0.0.tgz#93919daeaf361ee529584b9b31664dc12c9fa452"
  integrity sha512-ETEklSGi5t0QMZuiXoA/Q6vcnxcLQP5vdugSpuAyi6SVGi2clPPp+xgEhuMaHC+zGgn31Kd235W35f7Hykkaww==
  dependencies:
    asynckit "^0.4.0"
    combined-stream "^1.0.8"
    mime-types "^2.1.12"

html-parse-stringify@^3.0.1:
  version "3.0.1"
  resolved "https://registry.yarnpkg.com/html-parse-stringify/-/html-parse-stringify-3.0.1.tgz#dfc1017347ce9f77c8141a507f233040c59c55d2"
  integrity sha512-KknJ50kTInJ7qIScF3jeaFRpMpE8/lfiTdzf/twXyPBLAGrLRTmkz3AdTnKeh40X8k9L2fdYwEp/42WGXIRGcg==
  dependencies:
    void-elements "3.1.0"

i18next@^22.0.3:
  version "22.4.15"
  resolved "https://registry.yarnpkg.com/i18next/-/i18next-22.4.15.tgz#951882b751872994f8502b5a6ef6f796e6a7d7f8"
  integrity sha512-yYudtbFrrmWKLEhl6jvKUYyYunj4bTBCe2qIUYAxbXoPusY7YmdwPvOE6fx6UIfWvmlbCWDItr7wIs8KEBZ5Zg==
  dependencies:
    "@babel/runtime" "^7.20.6"

iobuffer@^5.0.4:
  version "5.3.2"
  resolved "https://registry.yarnpkg.com/iobuffer/-/iobuffer-5.3.2.tgz#76d3fb907c655ad6fb7a73964bfca8b4e04f52fa"
  integrity sha512-kO3CjNfLZ9t+tHxAMd+Xk4v3D/31E91rMs1dHrm7ikEQrlZ8mLDbQ4z3tZfDM48zOkReas2jx8MWSAmN9+c8Fw==

mime-db@1.52.0:
  version "1.52.0"
  resolved "https://registry.yarnpkg.com/mime-db/-/mime-db-1.52.0.tgz#bbabcdc02859f4987301c856e3387ce5ec43bf70"
  integrity sha512-sPU4uV7dYlvtWJxwwxHD0PuihVNiE7TyAbQ5SWxDCB9mUYvOgroQOwYQQOKPJ8CIbE+1ETVlOoK1UC2nU3gYvg==

mime-types@^2.1.12:
  version "2.1.35"
  resolved "https://registry.yarnpkg.com/mime-types/-/mime-types-2.1.35.tgz#381a871b62a734450660ae3deee44813f70d959a"
  integrity sha512-ZDY+bPm5zTTF+YpCrAU9nK0UgICYPT0QtT1NZWFv4s++TNkcgVaT0g6+4R2uI4MjQjzysHB1zxuWL50hzaeXiw==
  dependencies:
    mime-db "1.52.0"

pako@^1.0.5:
  version "1.0.11"
  resolved "https://registry.yarnpkg.com/pako/-/pako-1.0.11.tgz#6c9599d340d54dfd3946380252a35705a6b992bf"
  integrity sha512-4hLB8Py4zZce5s4yd9XzopqwVv/yGNhV1Bl8NTmCq1763HeK2+EwVTv+leGeL13Dnh2wfbqowVPXCIO0z4taYw==

pako@^2.0.4:
  version "2.1.0"
  resolved "https://registry.yarnpkg.com/pako/-/pako-2.1.0.tgz#266cc37f98c7d883545d11335c00fbd4062c9a86"
  integrity sha512-w+eufiZ1WuJYgPXbV/PO3NCMEc3xqylkKHzp8bxp1uW4qaSNQUkwmLLEc3kKsfz8lpV1F8Ht3U1Cm+9Srog2ug==

papaparse@^5.3.1:
  version "5.4.1"
  resolved "https://registry.yarnpkg.com/papaparse/-/papaparse-5.4.1.tgz#f45c0f871853578bd3a30f92d96fdcfb6ebea127"
  integrity sha512-HipMsgJkZu8br23pW15uvo6sib6wne/4woLZPlFf3rpDyMe9ywEXUsuD7+6K9PRkJlVT51j/sCOYDKGGS3ZJrw==

proxy-from-env@^1.1.0:
  version "1.1.0"
  resolved "https://registry.yarnpkg.com/proxy-from-env/-/proxy-from-env-1.1.0.tgz#e102f16ca355424865755d2c9e8ea4f24d58c3e2"
  integrity sha512-D+zkORCbA9f1tdWRK0RaCR3GPv50cMxcrz4X8k5LTSUD1Dkw47mKJEZQNunItRTkWwgtaUSo1RVFRIG9ZXiFYg==

react-i18next@^12.0.0:
  version "12.2.2"
  resolved "https://registry.yarnpkg.com/react-i18next/-/react-i18next-12.2.2.tgz#38a6fad11acf4f2abfc5611bdb6b1918d0f47578"
  integrity sha512-KBB6buBmVKXUWNxXHdnthp+38gPyBT46hJCAIQ8rX19NFL/m2ahte2KARfIDf2tMnSAL7wwck6eDOd/9zn6aFg==
  dependencies:
    "@babel/runtime" "^7.20.6"
    html-parse-stringify "^3.0.1"

react-image@^4.1.0:
  version "4.1.0"
  resolved "https://registry.yarnpkg.com/react-image/-/react-image-4.1.0.tgz#92f2d4a809a178b3bf69acd7bad7da7aa5e7364c"
  integrity sha512-qwPNlelQe9Zy14K2pGWSwoL+vHsAwmJKS6gkotekDgRpcnRuzXNap00GfibD3eEPYu3WCPlyIUUNzcyHOrLHjw==

react-papaparse@^4.1.0:
  version "4.1.0"
  resolved "https://registry.yarnpkg.com/react-papaparse/-/react-papaparse-4.1.0.tgz#09e1cdae55a0f3e36650aaf7ff9bb5ee2aed164a"
  integrity sha512-sGJqK+OE2rVVQPxQUCCDW2prLIglv9kTdizhNe2awXvKo0gLShmhpRN3BwA+ujw5M2gSJ/KGNEwtgII0OsLgkg==
  dependencies:
    "@types/papaparse" "^5.3.1"
    papaparse "^5.3.1"

react-tiff@^0.0.8:
  version "0.0.8"
  resolved "https://registry.yarnpkg.com/react-tiff/-/react-tiff-0.0.8.tgz#357dd85bc2a3643355ba4d85ef10ee5671e3ab8d"
  integrity sha512-ylCdpzLkjJc/2UD1g6xtDyxBbEqidE/IGknBcw8rlfAXH2sCHMb3qGRhLFu3fbIAfVDQEVB1FIsJds09qXB5dg==
  dependencies:
    axios "^1.1.3"
    i18next "^22.0.3"
    react-i18next "^12.0.0"
    utif "^3.1.0"

react-zoom-pan-pinch@^3.0.7:
  version "3.0.7"
  resolved "https://registry.yarnpkg.com/react-zoom-pan-pinch/-/react-zoom-pan-pinch-3.0.7.tgz#def52f6886bc11e1b160dedf4250aae95470b94d"
  integrity sha512-UJkk1Z7BMPIgfY+Qu4jGTlj+UyZQhrpJeCuK1gg31x57i3p8h4ZXfYWu3dFIiR+uRgfoe/koziwgCjA//T1rKA==

regenerator-runtime@^0.13.11:
  version "0.13.11"
  resolved "https://registry.yarnpkg.com/regenerator-runtime/-/regenerator-runtime-0.13.11.tgz#f6dca3e7ceec20590d07ada785636a90cdca17f9"
  integrity sha512-kY1AZVr2Ra+t+piVaJ4gxaFaReZVH40AKNo7UCX6W+dEwBo/2oZJzqfuN1qLq1oL45o56cPaTXELwrTh8Fpggg==

tiff@^5.0.3:
  version "5.0.3"
  resolved "https://registry.yarnpkg.com/tiff/-/tiff-5.0.3.tgz#965169ffe1f26b2edeef15bbc74c39472e12c13c"
  integrity sha512-R0WckwRGhawWDNdha8iPQCjHyOiaEEmfFjhmalUVCIEELsON7Y/XO3eeGmBkoCXQp0Gg2nmTozN92Z4hlwbsow==
  dependencies:
    iobuffer "^5.0.4"
    pako "^2.0.4"

utif@^3.1.0:
  version "3.1.0"
  resolved "https://registry.yarnpkg.com/utif/-/utif-3.1.0.tgz#4abec2f5d9cafe7813c0191e007927c125401f1c"
  integrity sha512-WEo4D/xOvFW53K5f5QTaTbbiORcm2/pCL9P6qmJnup+17eYfKaEhDeX9PeQkuyEoIxlbGklDuGl8xwuXYMrrXQ==
  dependencies:
    pako "^1.0.5"

viv@^0.0.1:
  version "0.0.1"
  resolved "https://registry.yarnpkg.com/viv/-/viv-0.0.1.tgz#587010fd39b0b7ac8d88570c6e24dd137052cb57"
  integrity sha512-wQ2ef34mYR6A6m7SQtxTDwtpXmmknME8RLHsjijSvLfSWWR2oGvCCLf/MzMWZq2nVE/uxlE8tjHc/vkiPPYY0g==

void-elements@3.1.0:
  version "3.1.0"
  resolved "https://registry.yarnpkg.com/void-elements/-/void-elements-3.1.0.tgz#614f7fbf8d801f0bb5f0661f5b2f5785750e4f09"
  integrity sha512-Dhxzh5HZuiHQhbvTW9AMetFfBHDMYpo23Uo9btPXgdYP+3T5S+p+jgNy7spra+veYhBP2dCSgxR/i2Y02h5/6w==
